
Microsoft Visual Studio Solution File, Format Version 12.00
# Visual Studio Version 16
VisualStudioVersion = 16.0.31025.194
MinimumVisualStudioVersion = 10.0.40219.1
Project("{FAE04EC0-301F-11D3-BF4B-00C04F79EFBC}") = "App.Android", "App\App.Android\App.Android.csproj", "{111AEDD6-E319-46C2-B68E-1E7463942EDC}"
EndProject
Project("{FAE04EC0-301F-11D3-BF4B-00C04F79EFBC}") = "App.iOS", "App\App.iOS\App.iOS.csproj", "{51913CA9-A4E1-4704-87C0-45E3B2FEF628}"
EndProject
Project("{9A19103F-16F7-4668-BE54-9A1E7A4F7556}") = "App", "App\App\App.csproj", "{ADE7EB5D-650C-40E1-B41A-A8A1FB904DB8}"
EndProject
Project("{9A19103F-16F7-4668-BE54-9A1E7A4F7556}") = "Core", "Core\Core.csproj", "{98DA1E4E-F2BC-4E10-B0F0-B898C7841C10}"
EndProject
Global
	GlobalSection(SolutionConfigurationPlatforms) = preSolution
		Debug|Any CPU = Debug|Any CPU
		Debug|iPhone = Debug|iPhone
		Debug|iPhoneSimulator = Debug|iPhoneSimulator
		Release|Any CPU = Release|Any CPU
		Release|iPhone = Release|iPhone
		Release|iPhoneSimulator = Release|iPhoneSimulator
	EndGlobalSection
	GlobalSection(ProjectConfigurationPlatforms) = postSolution
		{111AEDD6-E319-46C2-B68E-1E7463942EDC}.Debug|Any CPU.ActiveCfg = Release|Any CPU
		{111AEDD6-E319-46C2-B68E-1E7463942EDC}.Debug|Any CPU.Build.0 = Release|Any CPU
		{111AEDD6-E319-46C2-B68E-1E7463942EDC}.Debug|Any CPU.Deploy.0 = Release|Any CPU
		{111AEDD6-E319-46C2-B68E-1E7463942EDC}.Debug|iPhone.ActiveCfg = Debug|Any CPU
		{111AEDD6-E319-46C2-B68E-1E7463942EDC}.Debug|iPhone.Build.0 = Debug|Any CPU
		{111AEDD6-E319-46C2-B68E-1E7463942EDC}.Debug|iPhone.Deploy.0 = Debug|Any CPU
		{111AEDD6-E319-46C2-B68E-1E7463942EDC}.Debug|iPhoneSimulator.ActiveCfg = Debug|Any CPU
		{111AEDD6-E319-46C2-B68E-1E7463942EDC}.Debug|iPhoneSimulator.Build.0 = Debug|Any CPU
		{111AEDD6-E319-46C2-B68E-1E7463942EDC}.Debug|iPhoneSimulator.Deploy.0 = Debug|Any CPU
		{111AEDD6-E319-46C2-B68E-1E7463942EDC}.Release|Any CPU.ActiveCfg = Release|Any CPU
		{111AEDD6-E319-46C2-B68E-1E7463942EDC}.Release|Any CPU.Build.0 = Release|Any CPU
		{111AEDD6-E319-46C2-B68E-1E7463942EDC}.Release|Any CPU.Deploy.0 = Release|Any CPU
		{111AEDD6-E319-46C2-B68E-1E7463942EDC}.Release|iPhone.ActiveCfg = Release|Any CPU
		{111AEDD6-E319-46C2-B68E-1E7463942EDC}.Release|iPhone.Build.0 = Release|Any CPU
		{111AEDD6-E319-46C2-B68E-1E7463942EDC}.Release|iPhone.Deploy.0 = Release|Any CPU
		{111AEDD6-E319-46C2-B68E-1E7463942EDC}.Release|iPhoneSimulator.ActiveCfg = Release|Any CPU
		{111AEDD6-E319-46C2-B68E-1E7463942EDC}.Release|iPhoneSimulator.Build.0 = Release|Any CPU
		{111AEDD6-E319-46C2-B68E-1E7463942EDC}.Release|iPhoneSimulator.Deploy.0 = Release|Any CPU
		{51913CA9-A4E1-4704-87C0-45E3B2FEF628}.Debug|Any CPU.ActiveCfg = Debug|iPhone
		{51913CA9-A4E1-4704-87C0-45E3B2FEF628}.Debug|Any CPU.Build.0 = Debug|iPhone
		{51913CA9-A4E1-4704-87C0-45E3B2FEF628}.Debug|Any CPU.Deploy.0 = Debug|iPhone
		{51913CA9-A4E1-4704-87C0-45E3B2FEF628}.Debug|iPhone.ActiveCfg = Debug|iPhone
		{51913CA9-A4E1-4704-87C0-45E3B2FEF628}.Debug|iPhone.Build.0 = Debug|iPhone
		{51913CA9-A4E1-4704-87C0-45E3B2FEF628}.Debug|iPhone.Deploy.0 = Debug|iPhone
		{51913CA9-A4E1-4704-87C0-45E3B2FEF628}.Debug|iPhoneSimulator.ActiveCfg = Debug|iPhoneSimulator
		{51913CA9-A4E1-4704-87C0-45E3B2FEF628}.Debug|iPhoneSimulator.Build.0 = Debug|iPhoneSimulator
		{51913CA9-A4E1-4704-87C0-45E3B2FEF628}.Debug|iPhoneSimulator.Deploy.0 = Debug|iPhoneSimulator
		{51913CA9-A4E1-4704-87C0-45E3B2FEF628}.Release|Any CPU.ActiveCfg = Release|iPhoneSimulator
		{51913CA9-A4E1-4704-87C0-45E3B2FEF628}.Release|Any CPU.Build.0 = Release|iPhoneSimulator
		{51913CA9-A4E1-4704-87C0-45E3B2FEF628}.Release|Any CPU.Deploy.0 = Release|iPhoneSimulator
		{51913CA9-A4E1-4704-87C0-45E3B2FEF628}.Release|iPhone.ActiveCfg = Release|iPhone
		{51913CA9-A4E1-4704-87C0-45E3B2FEF628}.Release|iPhone.Build.0 = Release|iPhone
		{51913CA9-A4E1-4704-87C0-45E3B2FEF628}.Release|iPhone.Deploy.0 = Release|iPhone
		{51913CA9-A4E1-4704-87C0-45E3B2FEF628}.Release|iPhoneSimulator.ActiveCfg = Release|iPhoneSimulator
		{51913CA9-A4E1-4704-87C0-45E3B2FEF628}.Release|iPhoneSimulator.Build.0 = Release|iPhoneSimulator
		{51913CA9-A4E1-4704-87C0-45E3B2FEF628}.Release|iPhoneSimulator.Deploy.0 = Release|iPhoneSimulator
		{ADE7EB5D-650C-40E1-B41A-A8A1FB904DB8}.Debug|Any CPU.ActiveCfg = Debug|Any CPU
		{ADE7EB5D-650C-40E1-B41A-A8A1FB904DB8}.Debug|Any CPU.Build.0 = Debug|Any CPU
		{ADE7EB5D-650C-40E1-B41A-A8A1FB904DB8}.Debug|Any CPU.Deploy.0 = Debug|Any CPU
		{ADE7EB5D-650C-40E1-B41A-A8A1FB904DB8}.Debug|iPhone.ActiveCfg = Debug|Any CPU
		{ADE7EB5D-650C-40E1-B41A-A8A1FB904DB8}.Debug|iPhone.Build.0 = Debug|Any CPU
		{ADE7EB5D-650C-40E1-B41A-A8A1FB904DB8}.Debug|iPhone.Deploy.0 = Debug|Any CPU
		{ADE7EB5D-650C-40E1-B41A-A8A1FB904DB8}.Debug|iPhoneSimulator.ActiveCfg = Debug|Any CPU
		{ADE7EB5D-650C-40E1-B41A-A8A1FB904DB8}.Debug|iPhoneSimulator.Build.0 = Debug|Any CPU
		{ADE7EB5D-650C-40E1-B41A-A8A1FB904DB8}.Debug|iPhoneSimulator.Deploy.0 = Debug|Any CPU
		{ADE7EB5D-650C-40E1-B41A-A8A1FB904DB8}.Release|Any CPU.ActiveCfg = Release|Any CPU
		{ADE7EB5D-650C-40E1-B41A-A8A1FB904DB8}.Release|Any CPU.Build.0 = Release|Any CPU
		{ADE7EB5D-650C-40E1-B41A-A8A1FB904DB8}.Release|Any CPU.Deploy.0 = Release|Any CPU
		{ADE7EB5D-650C-40E1-B41A-A8A1FB904DB8}.Release|iPhone.ActiveCfg = Release|Any CPU
		{ADE7EB5D-650C-40E1-B41A-A8A1FB904DB8}.Release|iPhone.Build.0 = Release|Any CPU
		{ADE7EB5D-650C-40E1-B41A-A8A1FB904DB8}.Release|iPhone.Deploy.0 = Release|Any CPU
		{ADE7EB5D-650C-40E1-B41A-A8A1FB904DB8}.Release|iPhoneSimulator.ActiveCfg = Release|Any CPU
		{ADE7EB5D-650C-40E1-B41A-A8A1FB904DB8}.Release|iPhoneSimulator.Build.0 = Release|Any CPU
		{ADE7EB5D-650C-40E1-B41A-A8A1FB904DB8}.Release|iPhoneSimulator.Deploy.0 = Release|Any CPU
		{98DA1E4E-F2BC-4E10-B0F0-B898C7841C10}.Debug|Any CPU.ActiveCfg = Debug|Any CPU
		{98DA1E4E-F2BC-4E10-B0F0-B898C7841C10}.Debug|Any CPU.Build.0 = Debug|Any CPU
		{98DA1E4E-F2BC-4E10-B0F0-B898C7841C10}.Debug|iPhone.ActiveCfg = Debug|Any CPU
		{98DA1E4E-F2BC-4E10-B0F0-B898C7841C10}.Debug|iPhone.Build.0 = Debug|Any CPU
		{98DA1E4E-F2BC-4E10-B0F0-B898C7841C10}.Debug|iPhoneSimulator.ActiveCfg = Debug|Any CPU
		{98DA1E4E-F2BC-4E10-B0F0-B898C7841C10}.Debug|iPhoneSimulator.Build.0 = Debug|Any CPU
		{98DA1E4E-F2BC-4E10-B0F0-B898C7841C10}.Release|Any CPU.ActiveCfg = Release|Any CPU
		{98DA1E4E-F2BC-4E10-B0F0-B898C7841C10}.Release|Any CPU.Build.0 = Release|Any CPU
		{98DA1E4E-F2BC-4E10-B0F0-B898C7841C10}.Release|iPhone.ActiveCfg = Release|Any CPU
		{98DA1E4E-F2BC-4E10-B0F0-B898C7841C10}.Release|iPhone.Build.0 = Release|Any CPU
		{98DA1E4E-F2BC-4E10-B0F0-B898C7841C10}.Release|iPhoneSimulator.ActiveCfg = Release|Any CPU
		{98DA1E4E-F2BC-4E10-B0F0-B898C7841C10}.Release|iPhoneSimulator.Build.0 = Release|Any CPU
	EndGlobalSection
	GlobalSection(SolutionProperties) = preSolution
		HideSolutionNode = FALSE
	EndGlobalSection
	GlobalSection(ExtensibilityGlobals) = postSolution
		SolutionGuid = {00860B93-2A30-497E-80F2-7586E324F9C0}
	EndGlobalSection
EndGlobal
